
Microsoft Visual Studio Solution File, Format Version 12.00
# Visual Studio Version 16
VisualStudioVersion = 16.0.31112.23
MinimumVisualStudioVersion = 10.0.40219.1
Project("{FAE04EC0-301F-11D3-BF4B-00C04F79EFBC}") = "Gmtl.HandyLib.AspNetCore", "Gmtl.HandyLib.AspNetCore\Gmtl.HandyLib.AspNetCore.csproj", "{DA9970FA-E2A6-452B-89E5-B9A0CA7AD758}"
EndProject
Project("{FAE04EC0-301F-11D3-BF4B-00C04F79EFBC}") = "Gmtl.HandyLib.AspNetCore.Tests", "Gmtl.HandyLib.AspNetCore.Tests\Gmtl.HandyLib.AspNetCore.Tests.csproj", "{0160F7C5-C7A5-429C-A900-DA5E299D69A2}"
EndProject
Global
	GlobalSection(SolutionConfigurationPlatforms) = preSolution
		Debug|Any CPU = Debug|Any CPU
		Release|Any CPU = Release|Any CPU
	EndGlobalSection
	GlobalSection(ProjectConfigurationPlatforms) = postSolution
		{DA9970FA-E2A6-452B-89E5-B9A0CA7AD758}.Debug|Any CPU.ActiveCfg = Debug|Any CPU
		{DA9970FA-E2A6-452B-89E5-B9A0CA7AD758}.Debug|Any CPU.Build.0 = Debug|Any CPU
		{DA9970FA-E2A6-452B-89E5-B9A0CA7AD758}.Release|Any CPU.ActiveCfg = Release|Any CPU
		{DA9970FA-E2A6-452B-89E5-B9A0CA7AD758}.Release|Any CPU.Build.0 = Release|Any CPU
		{0160F7C5-C7A5-429C-A900-DA5E299D69A2}.Debug|Any CPU.ActiveCfg = Debug|Any CPU
		{0160F7C5-C7A5-429C-A900-DA5E299D69A2}.Debug|Any CPU.Build.0 = Debug|Any CPU
		{0160F7C5-C7A5-429C-A900-DA5E299D69A2}.Release|Any CPU.ActiveCfg = Release|Any CPU
		{0160F7C5-C7A5-429C-A900-DA5E299D69A2}.Release|Any CPU.Build.0 = Release|Any CPU
	EndGlobalSection
	GlobalSection(SolutionProperties) = preSolution
		HideSolutionNode = FALSE
	EndGlobalSection
	GlobalSection(ExtensibilityGlobals) = postSolution
		SolutionGuid = {10DCD122-6760-4F87-B868-CF531C4FAD3C}
	EndGlobalSection
EndGlobal
